
Microsoft Visual Studio Solution File, Format Version 12.00
# Visual Studio Version 17
VisualStudioVersion = 17.10.34916.146
MinimumVisualStudioVersion = 10.0.40219.1
Project("{8BC9CEB8-8B4A-11D0-8D11-00A0C91BC942}") = "BaiTap", "BaiTap\BaiTap.vcxproj", "{6BE756EB-CF01-4C0D-A174-5C0AA1C01D71}"
EndProject
Global
	GlobalSection(SolutionConfigurationPlatforms) = preSolution
		Debug|x64 = Debug|x64
		Release|x64 = Release|x64
	EndGlobalSection
	GlobalSection(ProjectConfigurationPlatforms) = postSolution
		{6BE756EB-CF01-4C0D-A174-5C0AA1C01D71}.Debug|x64.ActiveCfg = Debug|x64
		{6BE756EB-CF01-4C0D-A174-5C0AA1C01D71}.Debug|x64.Build.0 = Debug|x64
		{6BE756EB-CF01-4C0D-A174-5C0AA1C01D71}.Release|x64.ActiveCfg = Release|x64
		{6BE756EB-CF01-4C0D-A174-5C0AA1C01D71}.Release|x64.Build.0 = Release|x64
	EndGlobalSection
	GlobalSection(SolutionProperties) = preSolution
		HideSolutionNode = FALSE
	EndGlobalSection
	GlobalSection(ExtensibilityGlobals) = postSolution
		SolutionGuid = {D9D21472-C745-439F-A57E-7B9276218B57}
	EndGlobalSection
EndGlobal
